
Microsoft Visual Studio Solution File, Format Version 12.00
# Visual Studio 15
VisualStudioVersion = 15.0.28010.2048
MinimumVisualStudioVersion = 10.0.40219.1
Project("{9A19103F-16F7-4668-BE54-9A1E7A4F7556}") = "AdventOfCode.Day01", "AdventOfCode.Day01\AdventOfCode.Day01.csproj", "{179C860C-F060-4076-A8AB-195BF66D5806}"
EndProject
Project("{9A19103F-16F7-4668-BE54-9A1E7A4F7556}") = "AdventOfCode.Day03", "AdventOfCode.Day03\AdventOfCode.Day03.csproj", "{68B821B5-EF0B-4411-B35E-65177B50A1FF}"
EndProject
Project("{9A19103F-16F7-4668-BE54-9A1E7A4F7556}") = "AdventOfCode.Day02", "AdventOfCode.Day02\AdventOfCode.Day02.csproj", "{445FD6EE-5968-4F42-BCAA-A0BA3D10CDCD}"
EndProject
Project("{9A19103F-16F7-4668-BE54-9A1E7A4F7556}") = "AdventOfCode.Day04", "AdventOfCode.Day04\AdventOfCode.Day04.csproj", "{07B95252-1203-4909-9914-52AFD4E8DE6E}"
EndProject
Project("{9A19103F-16F7-4668-BE54-9A1E7A4F7556}") = "AdventOfCode.Day05", "AdventOfCode.Day05\AdventOfCode.Day05.csproj", "{2BF318E3-99F2-460D-8268-B2EF91ACCF66}"
EndProject
Project("{9A19103F-16F7-4668-BE54-9A1E7A4F7556}") = "AdventOfCode.Day06", "AdventOfCode.Day06\AdventOfCode.Day06.csproj", "{FC8D1AED-2FBE-4DEF-9D9C-941A07CE51E4}"
EndProject
Project("{9A19103F-16F7-4668-BE54-9A1E7A4F7556}") = "AdventOfCode.Day07", "AdventOfCode.Day07\AdventOfCode.Day07.csproj", "{04CC49A6-7860-4ED1-96D2-87CC0FE7C17B}"
EndProject
Project("{FAE04EC0-301F-11D3-BF4B-00C04F79EFBC}") = "AdventOfCode.Day10", "AdventOfCode.Day10\AdventOfCode.Day10.csproj", "{9C50ED57-AABF-4D97-9590-AC976B822DDA}"
EndProject
Global
	GlobalSection(SolutionConfigurationPlatforms) = preSolution
		Debug|Any CPU = Debug|Any CPU
		Release|Any CPU = Release|Any CPU
	EndGlobalSection
	GlobalSection(ProjectConfigurationPlatforms) = postSolution
		{179C860C-F060-4076-A8AB-195BF66D5806}.Debug|Any CPU.ActiveCfg = Debug|Any CPU
		{179C860C-F060-4076-A8AB-195BF66D5806}.Debug|Any CPU.Build.0 = Debug|Any CPU
		{179C860C-F060-4076-A8AB-195BF66D5806}.Release|Any CPU.ActiveCfg = Release|Any CPU
		{179C860C-F060-4076-A8AB-195BF66D5806}.Release|Any CPU.Build.0 = Release|Any CPU
		{68B821B5-EF0B-4411-B35E-65177B50A1FF}.Debug|Any CPU.ActiveCfg = Debug|Any CPU
		{68B821B5-EF0B-4411-B35E-65177B50A1FF}.Debug|Any CPU.Build.0 = Debug|Any CPU
		{68B821B5-EF0B-4411-B35E-65177B50A1FF}.Release|Any CPU.ActiveCfg = Release|Any CPU
		{68B821B5-EF0B-4411-B35E-65177B50A1FF}.Release|Any CPU.Build.0 = Release|Any CPU
		{445FD6EE-5968-4F42-BCAA-A0BA3D10CDCD}.Debug|Any CPU.ActiveCfg = Debug|Any CPU
		{445FD6EE-5968-4F42-BCAA-A0BA3D10CDCD}.Debug|Any CPU.Build.0 = Debug|Any CPU
		{445FD6EE-5968-4F42-BCAA-A0BA3D10CDCD}.Release|Any CPU.ActiveCfg = Release|Any CPU
		{445FD6EE-5968-4F42-BCAA-A0BA3D10CDCD}.Release|Any CPU.Build.0 = Release|Any CPU
		{07B95252-1203-4909-9914-52AFD4E8DE6E}.Debug|Any CPU.ActiveCfg = Debug|Any CPU
		{07B95252-1203-4909-9914-52AFD4E8DE6E}.Debug|Any CPU.Build.0 = Debug|Any CPU
		{07B95252-1203-4909-9914-52AFD4E8DE6E}.Release|Any CPU.ActiveCfg = Release|Any CPU
		{07B95252-1203-4909-9914-52AFD4E8DE6E}.Release|Any CPU.Build.0 = Release|Any CPU
		{2BF318E3-99F2-460D-8268-B2EF91ACCF66}.Debug|Any CPU.ActiveCfg = Debug|Any CPU
		{2BF318E3-99F2-460D-8268-B2EF91ACCF66}.Debug|Any CPU.Build.0 = Debug|Any CPU
		{2BF318E3-99F2-460D-8268-B2EF91ACCF66}.Release|Any CPU.ActiveCfg = Release|Any CPU
		{2BF318E3-99F2-460D-8268-B2EF91ACCF66}.Release|Any CPU.Build.0 = Release|Any CPU
		{FC8D1AED-2FBE-4DEF-9D9C-941A07CE51E4}.Debug|Any CPU.ActiveCfg = Debug|Any CPU
		{FC8D1AED-2FBE-4DEF-9D9C-941A07CE51E4}.Debug|Any CPU.Build.0 = Debug|Any CPU
		{FC8D1AED-2FBE-4DEF-9D9C-941A07CE51E4}.Release|Any CPU.ActiveCfg = Release|Any CPU
		{FC8D1AED-2FBE-4DEF-9D9C-941A07CE51E4}.Release|Any CPU.Build.0 = Release|Any CPU
		{04CC49A6-7860-4ED1-96D2-87CC0FE7C17B}.Debug|Any CPU.ActiveCfg = Debug|Any CPU
		{04CC49A6-7860-4ED1-96D2-87CC0FE7C17B}.Debug|Any CPU.Build.0 = Debug|Any CPU
		{04CC49A6-7860-4ED1-96D2-87CC0FE7C17B}.Release|Any CPU.ActiveCfg = Release|Any CPU
		{04CC49A6-7860-4ED1-96D2-87CC0FE7C17B}.Release|Any CPU.Build.0 = Release|Any CPU
		{9C50ED57-AABF-4D97-9590-AC976B822DDA}.Debug|Any CPU.ActiveCfg = Debug|Any CPU
		{9C50ED57-AABF-4D97-9590-AC976B822DDA}.Debug|Any CPU.Build.0 = Debug|Any CPU
		{9C50ED57-AABF-4D97-9590-AC976B822DDA}.Release|Any CPU.ActiveCfg = Release|Any CPU
		{9C50ED57-AABF-4D97-9590-AC976B822DDA}.Release|Any CPU.Build.0 = Release|Any CPU
	EndGlobalSection
	GlobalSection(SolutionProperties) = preSolution
		HideSolutionNode = FALSE
	EndGlobalSection
	GlobalSection(ExtensibilityGlobals) = postSolution
		SolutionGuid = {8C43CE28-0611-40F2-838C-E52F2E925D4C}
	EndGlobalSection
EndGlobal
